
Microsoft Visual Studio Solution File, Format Version 12.00
# Visual Studio 2012
Project("{FAE04EC0-301F-11D3-BF4B-00C04F79EFBC}") = "AcadSchedule.Domain", "AcadSchedule.Domain\AcadSchedule.Domain.csproj", "{EC66B2E0-42A8-45DC-8136-1235BC63C096}"
EndProject
Project("{FAE04EC0-301F-11D3-BF4B-00C04F79EFBC}") = "AcadSchedule.WebUI", "AcadSchedule.WebUI\AcadSchedule.WebUI.csproj", "{F2D64BAD-0CB1-4684-99D2-4F8E62281E07}"
EndProject
Global
	GlobalSection(SolutionConfigurationPlatforms) = preSolution
		Debug|Any CPU = Debug|Any CPU
		Release|Any CPU = Release|Any CPU
	EndGlobalSection
	GlobalSection(ProjectConfigurationPlatforms) = postSolution
		{EC66B2E0-42A8-45DC-8136-1235BC63C096}.Debug|Any CPU.ActiveCfg = Debug|Any CPU
		{EC66B2E0-42A8-45DC-8136-1235BC63C096}.Debug|Any CPU.Build.0 = Debug|Any CPU
		{EC66B2E0-42A8-45DC-8136-1235BC63C096}.Release|Any CPU.ActiveCfg = Release|Any CPU
		{EC66B2E0-42A8-45DC-8136-1235BC63C096}.Release|Any CPU.Build.0 = Release|Any CPU
		{F2D64BAD-0CB1-4684-99D2-4F8E62281E07}.Debug|Any CPU.ActiveCfg = Debug|Any CPU
		{F2D64BAD-0CB1-4684-99D2-4F8E62281E07}.Debug|Any CPU.Build.0 = Debug|Any CPU
		{F2D64BAD-0CB1-4684-99D2-4F8E62281E07}.Release|Any CPU.ActiveCfg = Release|Any CPU
		{F2D64BAD-0CB1-4684-99D2-4F8E62281E07}.Release|Any CPU.Build.0 = Release|Any CPU
	EndGlobalSection
	GlobalSection(SolutionProperties) = preSolution
		HideSolutionNode = FALSE
	EndGlobalSection
EndGlobal
